{
    "_readme": [
        "This file locks the dependencies of your project to a known state",
        "Read more about it at https://getcomposer.org/doc/01-basic-usage.md#installing-dependencies",
        "This file is @generated automatically"
    ],
    "content-hash": "ef0b22eaf0d3a2d9d427258ffe6b3b0b",
    "packages": [
        {
            "name": "ergebnis/composer-normalize",
            "version": "2.52.0",
            "source": {
                "type": "git",
                "url": "https://github.com/ergebnis/composer-normalize.git",
                "reference": "988f83f5e51a42cdd2337e5fcd935432f8dfa33c"
            },
            "dist": {
                "type": "zip",
                "url": "https://api.github.com/repos/ergebnis/composer-normalize/zipball/988f83f5e51a42cdd2337e5fcd935432f8dfa33c",
                "reference": "988f83f5e51a42cdd2337e5fcd935432f8dfa33c",
                "shasum": ""
            },
            "require": {
                "composer-plugin-api": "^2.0.0",
                "ergebnis/json": "^1.4.0",
                "ergebnis/json-normalizer": "^4.9.0",
                "ergebnis/json-printer": "^3.7.0",
                "ext-json": "*",
                "justinrainbow/json-schema": "^5.2.12 || ^6.0.0",
                "localheinz/diff": "^1.3.0",
                "php": "~7.4.0 || ~8.0.0 || ~8.1.0 || ~8.2.0 || ~8.3.0 || ~8.4.0 || ~8.5.0"
            },
            "require-dev": {
                "composer/composer": "^2.9.8",
                "ergebnis/license": "^2.7.0",
                "ergebnis/php-cs-fixer-config": "^6.62.1",
                "ergebnis/phpstan-rules": "^2.13.1",
                "ergebnis/phpunit-slow-test-detector": "^2.24.0",
                "ergebnis/rector-rules": "^1.18.1",
                "fakerphp/faker": "^1.24.1",
                "phpstan/extension-installer": "^1.4.3",
                "phpstan/phpstan": "^2.1.54",
                "phpstan/phpstan-deprecation-rules": "^2.0.4",
                "phpstan/phpstan-phpunit": "^2.0.16",
                "phpstan/phpstan-strict-rules": "^2.0.11",
                "phpunit/phpunit": "^9.6.33",
                "rector/rector": "^2.4.3",
                "symfony/filesystem": "^5.4.41"
            },
            "type": "composer-plugin",
            "extra": {
                "class": "Ergebnis\\Composer\\Normalize\\NormalizePlugin",
                "branch-alias": {
                    "dev-main": "2.52-dev"
                },
                "plugin-optional": true,
                "composer-normalize": {
                    "indent-size": 2,
                    "indent-style": "space"
                }
            },
            "autoload": {
                "psr-4": {
                    "Ergebnis\\Composer\\Normalize\\": "src/"
                }
            },
            "notification-url": "https://packagist.org/downloads/",
            "license": [
                "MIT"
            ],
            "authors": [
                {
                    "name": "Andreas Möller",
                    "email": "am@localheinz.com",
                    "homepage": "https://localheinz.com"
                }
            ],
            "description": "Provides a composer plugin for normalizing composer.json.",
            "homepage": "https://github.com/ergebnis/composer-normalize",
            "keywords": [
                "composer",
                "normalize",
                "normalizer",
                "plugin"
            ],
            "support": {
                "issues": "https://github.com/ergebnis/composer-normalize/issues",
                "security": "https://github.com/ergebnis/composer-normalize/blob/main/.github/SECURITY.md",
                "source": "https://github.com/ergebnis/composer-normalize"
            },
            "time": "2026-05-15T15:39:24+00:00"
        },
        {
            "name": "ergebnis/json",
            "version": "1.6.0",
            "source": {
                "type": "git",
                "url": "https://github.com/ergebnis/json.git",
                "reference": "7b56d2b5d9e897e75b43e2e753075a0904c921b1"
            },
            "dist": {
                "type": "zip",
                "url": "https://api.github.com/repos/ergebnis/json/zipball/7b56d2b5d9e897e75b43e2e753075a0904c921b1",
                "reference": "7b56d2b5d9e897e75b43e2e753075a0904c921b1",
                "shasum": ""
            },
            "require": {
                "ext-json": "*",
                "php": "~7.4.0 || ~8.0.0 || ~8.1.0 || ~8.2.0 || ~8.3.0 || ~8.4.0 || ~8.5.0"
            },
            "require-dev": {
                "ergebnis/composer-normalize": "^2.44.0",
                "ergebnis/data-provider": "^3.3.0",
                "ergebnis/license": "^2.5.0",
                "ergebnis/php-cs-fixer-config": "^6.37.0",
                "ergebnis/phpstan-rules": "^2.11.0",
                "ergebnis/phpunit-slow-test-detector": "^2.16.1",
                "fakerphp/faker": "^1.24.0",
                "infection/infection": "~0.26.6",
                "phpstan/extension-installer": "^1.4.3",
                "phpstan/phpstan": "^2.1.22",
                "phpstan/phpstan-deprecation-rules": "^2.0.3",
                "phpstan/phpstan-phpunit": "^2.0.7",
                "phpstan/phpstan-strict-rules": "^2.0.6",
                "phpunit/phpunit": "^9.6.24",
                "rector/rector": "^2.1.4"
            },
            "type": "library",
            "extra": {
                "branch-alias": {
                    "dev-main": "1.7-dev"
                },
                "composer-normalize": {
                    "indent-size": 2,
                    "indent-style": "space"
                }
            },
            "autoload": {
                "psr-4": {
                    "Ergebnis\\Json\\": "src/"
                }
            },
            "notification-url": "https://packagist.org/downloads/",
            "license": [
                "MIT"
            ],
            "authors": [
                {
                    "name": "Andreas Möller",
                    "email": "am@localheinz.com",
                    "homepage": "https://localheinz.com"
                }
            ],
            "description": "Provides a Json value object for representing a valid JSON string.",
            "homepage": "https://github.com/ergebnis/json",
            "keywords": [
                "json"
            ],
            "support": {
                "issues": "https://github.com/ergebnis/json/issues",
                "security": "https://github.com/ergebnis/json/blob/main/.github/SECURITY.md",
                "source": "https://github.com/ergebnis/json"
            },
            "time": "2025-09-06T09:08:45+00:00"
        },
        {
            "name": "ergebnis/json-normalizer",
            "version": "4.10.1",
            "source": {
                "type": "git",
                "url": "https://github.com/ergebnis/json-normalizer.git",
                "reference": "77961faf2c651c3f05977b53c6c68e8434febf62"
            },
            "dist": {
                "type": "zip",
                "url": "https://api.github.com/repos/ergebnis/json-normalizer/zipball/77961faf2c651c3f05977b53c6c68e8434febf62",
                "reference": "77961faf2c651c3f05977b53c6c68e8434febf62",
                "shasum": ""
            },
            "require": {
                "ergebnis/json": "^1.2.0",
                "ergebnis/json-pointer": "^3.4.0",
                "ergebnis/json-printer": "^3.5.0",
                "ergebnis/json-schema-validator": "^4.2.0",
                "ext-json": "*",
                "justinrainbow/json-schema": "^5.2.12 || ^6.0.0",
                "php": "~7.4.0 || ~8.0.0 || ~8.1.0 || ~8.2.0 || ~8.3.0 || ~8.4.0 || ~8.5.0"
            },
            "require-dev": {
                "composer/semver": "^3.4.3",
                "ergebnis/composer-normalize": "^2.44.0",
                "ergebnis/data-provider": "^3.3.0",
                "ergebnis/license": "^2.5.0",
                "ergebnis/php-cs-fixer-config": "^6.37.0",
                "ergebnis/phpunit-slow-test-detector": "^2.16.1",
                "fakerphp/faker": "^1.24.0",
                "infection/infection": "~0.26.6",
                "phpstan/extension-installer": "^1.4.3",
                "phpstan/phpstan": "^1.12.10",
                "phpstan/phpstan-deprecation-rules": "^1.2.1",
                "phpstan/phpstan-phpunit": "^1.4.0",
                "phpstan/phpstan-strict-rules": "^1.6.1",
                "phpunit/phpunit": "^9.6.19",
                "rector/rector": "^1.2.10"
            },
            "suggest": {
                "composer/semver": "If you want to use ComposerJsonNormalizer or VersionConstraintNormalizer"
            },
            "type": "library",
            "extra": {
                "branch-alias": {
                    "dev-main": "4.11-dev"
                },
                "composer-normalize": {
                    "indent-size": 2,
                    "indent-style": "space"
                }
            },
            "autoload": {
                "psr-4": {
                    "Ergebnis\\Json\\Normalizer\\": "src/"
                }
            },
            "notification-url": "https://packagist.org/downloads/",
            "license": [
                "MIT"
            ],
            "authors": [
                {
                    "name": "Andreas Möller",
                    "email": "am@localheinz.com",
                    "homepage": "https://localheinz.com"
                }
            ],
            "description": "Provides generic and vendor-specific normalizers for normalizing JSON documents.",
            "homepage": "https://github.com/ergebnis/json-normalizer",
            "keywords": [
                "json",
                "normalizer"
            ],
            "support": {
                "issues": "https://github.com/ergebnis/json-normalizer/issues",
                "security": "https://github.com/ergebnis/json-normalizer/blob/main/.github/SECURITY.md",
                "source": "https://github.com/ergebnis/json-normalizer"
            },
            "time": "2025-09-06T09:18:13+00:00"
        },
        {
            "name": "ergebnis/json-pointer",
            "version": "3.8.0",
            "source": {
                "type": "git",
                "url": "https://github.com/ergebnis/json-pointer.git",
                "reference": "b58c3c468a7ff109fdf9a255f17de29ecbe5276c"
            },
            "dist": {
                "type": "zip",
                "url": "https://api.github.com/repos/ergebnis/json-pointer/zipball/b58c3c468a7ff109fdf9a255f17de29ecbe5276c",
                "reference": "b58c3c468a7ff109fdf9a255f17de29ecbe5276c",
                "shasum": ""
            },
            "require": {
                "php": "~7.4.0 || ~8.0.0 || ~8.1.0 || ~8.2.0 || ~8.3.0 || ~8.4.0 || ~8.5.0"
            },
            "require-dev": {
                "ergebnis/composer-normalize": "^2.50.0",
                "ergebnis/data-provider": "^3.6.0",
                "ergebnis/license": "^2.7.0",
                "ergebnis/php-cs-fixer-config": "^6.60.2",
                "ergebnis/phpstan-rules": "^2.13.1",
                "ergebnis/phpunit-slow-test-detector": "^2.24.0",
                "ergebnis/rector-rules": "^1.16.0",
                "fakerphp/faker": "^1.24.1",
                "infection/infection": "~0.26.6",
                "phpstan/extension-installer": "^1.4.3",
                "phpstan/phpstan": "^2.1.46",
                "phpstan/phpstan-deprecation-rules": "^2.0.4",
                "phpstan/phpstan-phpunit": "^2.0.16",
                "phpstan/phpstan-strict-rules": "^2.0.10",
                "phpunit/phpunit": "^9.6.34",
                "rector/rector": "^2.4.0"
            },
            "type": "library",
            "extra": {
                "branch-alias": {
                    "dev-main": "3.8-dev"
                },
                "composer-normalize": {
                    "indent-size": 2,
                    "indent-style": "space"
                }
            },
            "autoload": {
                "psr-4": {
                    "Ergebnis\\Json\\Pointer\\": "src/"
                }
            },
            "notification-url": "https://packagist.org/downloads/",
            "license": [
                "MIT"
            ],
            "authors": [
                {
                    "name": "Andreas Möller",
                    "email": "am@localheinz.com",
                    "homepage": "https://localheinz.com"
                }
            ],
            "description": "Provides an abstraction of a JSON pointer.",
            "homepage": "https://github.com/ergebnis/json-pointer",
            "keywords": [
                "RFC6901",
                "json",
                "pointer"
            ],
            "support": {
                "issues": "https://github.com/ergebnis/json-pointer/issues",
                "security": "https://github.com/ergebnis/json-pointer/blob/main/.github/SECURITY.md",
                "source": "https://github.com/ergebnis/json-pointer"
            },
            "time": "2026-04-07T14:52:13+00:00"
        },
        {
            "name": "ergebnis/json-printer",
            "version": "3.8.1",
            "source": {
                "type": "git",
                "url": "https://github.com/ergebnis/json-printer.git",
                "reference": "211d73fc7ec6daf98568ee6ed6e6d133dee8503e"
            },
            "dist": {
                "type": "zip",
                "url": "https://api.github.com/repos/ergebnis/json-printer/zipball/211d73fc7ec6daf98568ee6ed6e6d133dee8503e",
                "reference": "211d73fc7ec6daf98568ee6ed6e6d133dee8503e",
                "shasum": ""
            },
            "require": {
                "ext-json": "*",
                "ext-mbstring": "*",
                "php": "~7.4.0 || ~8.0.0 || ~8.1.0 || ~8.2.0 || ~8.3.0 || ~8.4.0 || ~8.5.0"
            },
            "require-dev": {
                "ergebnis/composer-normalize": "^2.44.0",
                "ergebnis/data-provider": "^3.3.0",
                "ergebnis/license": "^2.5.0",
                "ergebnis/php-cs-fixer-config": "^6.37.0",
                "ergebnis/phpunit-slow-test-detector": "^2.16.1",
                "fakerphp/faker": "^1.24.0",
                "infection/infection": "~0.26.6",
                "phpstan/extension-installer": "^1.4.3",
                "phpstan/phpstan": "^1.12.10",
                "phpstan/phpstan-deprecation-rules": "^1.2.1",
                "phpstan/phpstan-phpunit": "^1.4.1",
                "phpstan/phpstan-strict-rules": "^1.6.1",
                "phpunit/phpunit": "^9.6.21",
                "rector/rector": "^1.2.10"
            },
            "type": "library",
            "extra": {
                "branch-alias": {
                    "dev-main": "3.9-dev"
                },
                "composer-normalize": {
                    "indent-size": 2,
                    "indent-style": "space"
                }
            },
            "autoload": {
                "psr-4": {
                    "Ergebnis\\Json\\Printer\\": "src/"
                }
            },
            "notification-url": "https://packagist.org/downloads/",
            "license": [
                "MIT"
            ],
            "authors": [
                {
                    "name": "Andreas Möller",
                    "email": "am@localheinz.com",
                    "homepage": "https://localheinz.com"
                }
            ],
            "description": "Provides a JSON printer, allowing for flexible indentation.",
            "homepage": "https://github.com/ergebnis/json-printer",
            "keywords": [
                "formatter",
                "json",
                "printer"
            ],
            "support": {
                "issues": "https://github.com/ergebnis/json-printer/issues",
                "security": "https://github.com/ergebnis/json-printer/blob/main/.github/SECURITY.md",
                "source": "https://github.com/ergebnis/json-printer"
            },
            "time": "2025-09-06T09:59:26+00:00"
        },
        {
            "name": "ergebnis/json-schema-validator",
            "version": "4.5.1",
            "source": {
                "type": "git",
                "url": "https://github.com/ergebnis/json-schema-validator.git",
                "reference": "b739527a480a9e3651360ad351ea77e7e9019df2"
            },
            "dist": {
                "type": "zip",
                "url": "https://api.github.com/repos/ergebnis/json-schema-validator/zipball/b739527a480a9e3651360ad351ea77e7e9019df2",
                "reference": "b739527a480a9e3651360ad351ea77e7e9019df2",
                "shasum": ""
            },
            "require": {
                "ergebnis/json": "^1.2.0",
                "ergebnis/json-pointer": "^3.4.0",
                "ext-json": "*",
                "justinrainbow/json-schema": "^5.2.12 || ^6.0.0",
                "php": "~7.4.0 || ~8.0.0 || ~8.1.0 || ~8.2.0 || ~8.3.0 || ~8.4.0 || ~8.5.0"
            },
            "require-dev": {
                "ergebnis/composer-normalize": "^2.44.0",
                "ergebnis/data-provider": "^3.3.0",
                "ergebnis/license": "^2.5.0",
                "ergebnis/php-cs-fixer-config": "^6.37.0",
                "ergebnis/phpunit-slow-test-detector": "^2.16.1",
                "fakerphp/faker": "^1.24.0",
                "infection/infection": "~0.26.6",
                "phpstan/extension-installer": "^1.4.3",
                "phpstan/phpstan": "^1.12.10",
                "phpstan/phpstan-deprecation-rules": "^1.2.1",
                "phpstan/phpstan-phpunit": "^1.4.0",
                "phpstan/phpstan-strict-rules": "^1.6.1",
                "phpunit/phpunit": "^9.6.20",
                "rector/rector": "^1.2.10"
            },
            "type": "library",
            "extra": {
                "branch-alias": {
                    "dev-main": "4.6-dev"
                },
                "composer-normalize": {
                    "indent-size": 2,
                    "indent-style": "space"
                }
            },
            "autoload": {
                "psr-4": {
                    "Ergebnis\\Json\\SchemaValidator\\": "src/"
                }
            },
            "notification-url": "https://packagist.org/downloads/",
            "license": [
                "MIT"
            ],
            "authors": [
                {
                    "name": "Andreas Möller",
                    "email": "am@localheinz.com",
                    "homepage": "https://localheinz.com"
                }
            ],
            "description": "Provides a JSON schema validator, building on top of justinrainbow/json-schema.",
            "homepage": "https://github.com/ergebnis/json-schema-validator",
            "keywords": [
                "json",
                "schema",
                "validator"
            ],
            "support": {
                "issues": "https://github.com/ergebnis/json-schema-validator/issues",
                "security": "https://github.com/ergebnis/json-schema-validator/blob/main/.github/SECURITY.md",
                "source": "https://github.com/ergebnis/json-schema-validator"
            },
            "time": "2025-09-06T11:37:35+00:00"
        },
        {
            "name": "justinrainbow/json-schema",
            "version": "6.10.0",
            "source": {
                "type": "git",
                "url": "https://github.com/jsonrainbow/json-schema.git",
                "reference": "8b1308a9d7bdbdb20ce87ef920f82b4564bb2d33"
            },
            "dist": {
                "type": "zip",
                "url": "https://api.github.com/repos/jsonrainbow/json-schema/zipball/8b1308a9d7bdbdb20ce87ef920f82b4564bb2d33",
                "reference": "8b1308a9d7bdbdb20ce87ef920f82b4564bb2d33",
                "shasum": ""
            },
            "require": {
                "ext-json": "*",
                "marc-mabe/php-enum": "^4.4",
                "php": "^7.2 || ^8.0"
            },
            "require-dev": {
                "friendsofphp/php-cs-fixer": "3.3.0",
                "json-schema/json-schema-test-suite": "dev-main",
                "marc-mabe/php-enum-phpstan": "^2.0",
                "phpspec/prophecy": "^1.19",
                "phpstan/phpstan": "^1.12",
                "phpunit/phpunit": "^8.5"
            },
            "bin": [
                "bin/validate-json"
            ],
            "type": "library",
            "extra": {
                "branch-alias": {
                    "dev-master": "6.x-dev"
                }
            },
            "autoload": {
                "psr-4": {
                    "JsonSchema\\": "src/JsonSchema/"
                }
            },
            "notification-url": "https://packagist.org/downloads/",
            "license": [
                "MIT"
            ],
            "authors": [
                {
                    "name": "Bruno Prieto Reis",
                    "email": "bruno.p.reis@gmail.com"
                },
                {
                    "name": "Justin Rainbow",
                    "email": "justin.rainbow@gmail.com"
                },
                {
                    "name": "Igor Wiedler",
                    "email": "igor@wiedler.ch"
                },
                {
                    "name": "Robert Schönthal",
                    "email": "seroscho@googlemail.com"
                }
            ],
            "description": "A library to validate a json schema.",
            "homepage": "https://github.com/jsonrainbow/json-schema",
            "keywords": [
                "json",
                "schema"
            ],
            "support": {
                "issues": "https://github.com/jsonrainbow/json-schema/issues",
                "source": "https://github.com/jsonrainbow/json-schema/tree/6.10.0"
            },
            "time": "2026-06-16T20:50:26+00:00"
        },
        {
            "name": "localheinz/diff",
            "version": "1.3.0",
            "source": {
                "type": "git",
                "url": "https://github.com/localheinz/diff.git",
                "reference": "33bd840935970cda6691c23fc7d94ae764c0734c"
            },
            "dist": {
                "type": "zip",
                "url": "https://api.github.com/repos/localheinz/diff/zipball/33bd840935970cda6691c23fc7d94ae764c0734c",
                "reference": "33bd840935970cda6691c23fc7d94ae764c0734c",
                "shasum": ""
            },
            "require": {
                "php": "~7.1.0 || ~7.2.0 || ~7.3.0 || ~7.4.0 || ~8.0.0 || ~8.1.0 || ~8.2.0 || ~8.3.0 || ~8.4.0 || ~8.5.0"
            },
            "require-dev": {
                "phpunit/phpunit": "^7.5.0 || ^8.5.23",
                "symfony/process": "^4.2 || ^5"
            },
            "type": "library",
            "autoload": {
                "classmap": [
                    "src/"
                ]
            },
            "notification-url": "https://packagist.org/downloads/",
            "license": [
                "BSD-3-Clause"
            ],
            "authors": [
                {
                    "name": "Sebastian Bergmann",
                    "email": "sebastian@phpunit.de"
                },
                {
                    "name": "Kore Nordmann",
                    "email": "mail@kore-nordmann.de"
                }
            ],
            "description": "Fork of sebastian/diff for use with ergebnis/composer-normalize",
            "homepage": "https://github.com/localheinz/diff",
            "keywords": [
                "diff",
                "udiff",
                "unidiff",
                "unified diff"
            ],
            "support": {
                "issues": "https://github.com/localheinz/diff/issues",
                "source": "https://github.com/localheinz/diff/tree/1.3.0"
            },
            "time": "2025-08-30T09:44:18+00:00"
        },
        {
            "name": "marc-mabe/php-enum",
            "version": "v4.7.2",
            "source": {
                "type": "git",
                "url": "https://github.com/marc-mabe/php-enum.git",
                "reference": "bb426fcdd65c60fb3638ef741e8782508fda7eef"
            },
            "dist": {
                "type": "zip",
                "url": "https://api.github.com/repos/marc-mabe/php-enum/zipball/bb426fcdd65c60fb3638ef741e8782508fda7eef",
                "reference": "bb426fcdd65c60fb3638ef741e8782508fda7eef",
                "shasum": ""
            },
            "require": {
                "ext-reflection": "*",
                "php": "^7.1 | ^8.0"
            },
            "require-dev": {
                "phpbench/phpbench": "^0.16.10 || ^1.0.4",
                "phpstan/phpstan": "^1.3.1",
                "phpunit/phpunit": "^7.5.20 | ^8.5.22 | ^9.5.11",
                "vimeo/psalm": "^4.17.0 | ^5.26.1"
            },
            "type": "library",
            "extra": {
                "branch-alias": {
                    "dev-3.x": "3.2-dev",
                    "dev-master": "4.7-dev"
                }
            },
            "autoload": {
                "psr-4": {
                    "MabeEnum\\": "src/"
                },
                "classmap": [
                    "stubs/Stringable.php"
                ]
            },
            "notification-url": "https://packagist.org/downloads/",
            "license": [
                "BSD-3-Clause"
            ],
            "authors": [
                {
                    "name": "Marc Bennewitz",
                    "email": "dev@mabe.berlin",
                    "homepage": "https://mabe.berlin/",
                    "role": "Lead"
                }
            ],
            "description": "Simple and fast implementation of enumerations with native PHP",
            "homepage": "https://github.com/marc-mabe/php-enum",
            "keywords": [
                "enum",
                "enum-map",
                "enum-set",
                "enumeration",
                "enumerator",
                "enummap",
                "enumset",
                "map",
                "set",
                "type",
                "type-hint",
                "typehint"
            ],
            "support": {
                "issues": "https://github.com/marc-mabe/php-enum/issues",
                "source": "https://github.com/marc-mabe/php-enum/tree/v4.7.2"
            },
            "time": "2025-09-14T11:18:39+00:00"
        }
    ],
    "packages-dev": [],
    "aliases": [],
    "minimum-stability": "stable",
    "stability-flags": [],
    "prefer-stable": false,
    "prefer-lowest": false,
    "platform": [],
    "platform-dev": [],
    "plugin-api-version": "2.6.0"
}
